// !$*UTF8*$!
{
	archiveVersion = 1;
	classes = {
	};
	objectVersion = 48;
	objects = {

/* Begin PBXBuildFile section */
		F013EDA51F9B52F500433C74 /* AppDelegate.swift in Sources */ = {isa = PBXBuildFile; fileRef = F013EDA41F9B52F500433C74 /* AppDelegate.swift */; };
		F013EDA71F9B52F500433C74 /* RemoconViewController.swift in Sources */ = {isa = PBXBuildFile; fileRef = F013EDA61F9B52F500433C74 /* RemoconViewController.swift */; };
		F013EDAA1F9B52F500433C74 /* Main.storyboard in Resources */ = {isa = PBXBuildFile; fileRef = F013EDA81F9B52F500433C74 /* Main.storyboard */; };
		F013EDAC1F9B52F500433C74 /* Assets.xcassets in Resources */ = {isa = PBXBuildFile; fileRef = F013EDAB1F9B52F500433C74 /* Assets.xcassets */; };
		F013EDAF1F9B52F500433C74 /* LaunchScreen.storyboard in Resources */ = {isa = PBXBuildFile; fileRef = F013EDAD1F9B52F500433C74 /* LaunchScreen.storyboard */; };
		F013EDB71F9B57AB00433C74 /* SlackMessage.swift in Sources */ = {isa = PBXBuildFile; fileRef = F013EDB61F9B57AB00433C74 /* SlackMessage.swift */; };
		F013EDB91F9B658D00433C74 /* NetworkController.swift in Sources */ = {isa = PBXBuildFile; fileRef = F013EDB81F9B658D00433C74 /* NetworkController.swift */; };
/* End PBXBuildFile section */

/* Begin PBXFileReference section */
		F013EDA11F9B52F500433C74 /* Prototype.app */ = {isa = PBXFileReference; explicitFileType = wrapper.application; includeInIndex = 0; path = Prototype.app; sourceTree = BUILT_PRODUCTS_DIR; };
		F013EDA41F9B52F500433C74 /* AppDelegate.swift */ = {isa = PBXFileReference; lastKnownFileType = sourcecode.swift; path = AppDelegate.swift; sourceTree = "<group>"; };
		F013EDA61F9B52F500433C74 /* RemoconViewController.swift */ = {isa = PBXFileReference; lastKnownFileType = sourcecode.swift; path = RemoconViewController.swift; sourceTree = "<group>"; };
		F013EDA91F9B52F500433C74 /* Base */ = {isa = PBXFileReference; lastKnownFileType = file.storyboard; name = Base; path = Base.lproj/Main.storyboard; sourceTree = "<group>"; };
		F013EDAB1F9B52F500433C74 /* Assets.xcassets */ = {isa = PBXFileReference; lastKnownFileType = folder.assetcatalog; path = Assets.xcassets; sourceTree = "<group>"; };
		F013EDAE1F9B52F500433C74 /* Base */ = {isa = PBXFileReference; lastKnownFileType = file.storyboard; name = Base; path = Base.lproj/LaunchScreen.storyboard; sourceTree = "<group>"; };
		F013EDB01F9B52F500433C74 /* Info.plist */ = {isa = PBXFileReference; lastKnownFileType = text.plist.xml; path = Info.plist; sourceTree = "<group>"; };
		F013EDB61F9B57AB00433C74 /* SlackMessage.swift */ = {isa = PBXFileReference; lastKnownFileType = sourcecode.swift; path = SlackMessage.swift; sourceTree = "<group>"; };
		F013EDB81F9B658D00433C74 /* NetworkController.swift */ = {isa = PBXFileReference; lastKnownFileType = sourcecode.swift; path = NetworkController.swift; sourceTree = "<group>"; };
/* End PBXFileReference section */

/* Begin PBXFrameworksBuildPhase section */
		F013ED9E1F9B52F500433C74 /* Frameworks */ = {
			isa = PBXFrameworksBuildPhase;
			buildActionMask = 2147483647;
			files = (
			);
			runOnlyForDeploymentPostprocessing = 0;
		};
/* End PBXFrameworksBuildPhase section */

/* Begin PBXGroup section */
		F013ED981F9B52F500433C74 = {
			isa = PBXGroup;
			children = (
				F013EDA31F9B52F500433C74 /* Prototype */,
				F013EDA21F9B52F500433C74 /* Products */,
			);
			sourceTree = "<group>";
		};
		F013EDA21F9B52F500433C74 /* Products */ = {
			isa = PBXGroup;
			children = (
				F013EDA11F9B52F500433C74 /* Prototype.app */,
			);
			name = Products;
			sourceTree = "<group>";
		};
		F013EDA31F9B52F500433C74 /* Prototype */ = {
			isa = PBXGroup;
			children = (
				F013EDA41F9B52F500433C74 /* AppDelegate.swift */,
				F013EDA61F9B52F500433C74 /* RemoconViewController.swift */,
				F013EDB81F9B658D00433C74 /* NetworkController.swift */,
				F013EDB61F9B57AB00433C74 /* SlackMessage.swift */,
				F013EDA81F9B52F500433C74 /* Main.storyboard */,
				F013EDAB1F9B52F500433C74 /* Assets.xcassets */,
				F013EDAD1F9B52F500433C74 /* LaunchScreen.storyboard */,
				F013EDB01F9B52F500433C74 /* Info.plist */,
			);
			path = Prototype;
			sourceTree = "<group>";
		};
/* End PBXGroup section */

/* Begin PBXNativeTarget section */
		F013EDA01F9B52F500433C74 /* Prototype */ = {
			isa = PBXNativeTarget;
			buildConfigurationList = F013EDB31F9B52F500433C74 /* Build configuration list for PBXNativeTarget "Prototype" */;
			buildPhases = (
				F013ED9D1F9B52F500433C74 /* Sources */,
				F013ED9E1F9B52F500433C74 /* Frameworks */,
				F013ED9F1F9B52F500433C74 /* Resources */,
			);
			buildRules = (
			);
			dependencies = (
			);
			name = Prototype;
			productName = Prototype;
			productReference = F013EDA11F9B52F500433C74 /* Prototype.app */;
			productType = "com.apple.product-type.application";
		};
/* End PBXNativeTarget section */

/* Begin PBXProject section */
		F013ED991F9B52F500433C74 /* Project object */ = {
			isa = PBXProject;
			attributes = {
				LastSwiftUpdateCheck = 0900;
				LastUpgradeCheck = 0900;
				ORGANIZATIONNAME = esung;
				TargetAttributes = {
					F013EDA01F9B52F500433C74 = {
						CreatedOnToolsVersion = 9.0;
						ProvisioningStyle = Automatic;
					};
				};
			};
			buildConfigurationList = F013ED9C1F9B52F500433C74 /* Build configuration list for PBXProject "Prototype" */;
			compatibilityVersion = "Xcode 8.0";
			developmentRegion = en;
			hasScannedForEncodings = 0;
			knownRegions = (
				en,
				Base,
			);
			mainGroup = F013ED981F9B52F500433C74;
			productRefGroup = F013EDA21F9B52F500433C74 /* Products */;
			projectDirPath = "";
			projectRoot = "";
			targets = (
				F013EDA01F9B52F500433C74 /* Prototype */,
			);
		};
/* End PBXProject section */

/* Begin PBXResourcesBuildPhase section */
		F013ED9F1F9B52F500433C74 /* Resources */ = {
			isa = PBXResourcesBuildPhase;
			buildActionMask = 2147483647;
			files = (
				F013EDAF1F9B52F500433C74 /* LaunchScreen.storyboard in Resources */,
				F013EDAC1F9B52F500433C74 /* Assets.xcassets in Resources */,
				F013EDAA1F9B52F500433C74 /* Main.storyboard in Resources */,
			);
			runOnlyForDeploymentPostprocessing = 0;
		};
/* End PBXResourcesBuildPhase section */

/* Begin PBXSourcesBuildPhase section */
		F013ED9D1F9B52F500433C74 /* Sources */ = {
			isa = PBXSourcesBuildPhase;
			buildActionMask = 2147483647;
			files = (
				F013EDB91F9B658D00433C74 /* NetworkController.swift in Sources */,
				F013EDA71F9B52F500433C74 /* RemoconViewController.swift in Sources */,
				F013EDB71F9B57AB00433C74 /* SlackMessage.swift in Sources */,
				F013EDA51F9B52F500433C74 /* AppDelegate.swift in Sources */,
			);
			runOnlyForDeploymentPostprocessing = 0;
		};
/* End PBXSourcesBuildPhase section */

/* Begin PBXVariantGroup section */
		F013EDA81F9B52F500433C74 /* Main.storyboard */ = {
			isa = PBXVariantGroup;
			children = (
				F013EDA91F9B52F500433C74 /* Base */,
			);
			name = Main.storyboard;
			sourceTree = "<group>";
		};
		F013EDAD1F9B52F500433C74 /* LaunchScreen.storyboard */ = {
			isa = PBXVariantGroup;
			children = (
				F013EDAE1F9B52F500433C74 /* Base */,
			);
			name = LaunchScreen.storyboard;
			sourceTree = "<group>";
		};
/* End PBXVariantGroup section */

/* Begin XCBuildConfiguration section */
		F013EDB11F9B52F500433C74 /* Debug */ = {
			isa = XCBuildConfiguration;
			buildSettings = {
				ALWAYS_SEARCH_USER_PATHS = NO;
				CLANG_ANALYZER_NONNULL = YES;
				CLANG_ANALYZER_NUMBER_OBJECT_CONVERSION = YES_AGGRESSIVE;
				CLANG_CXX_LANGUAGE_STANDARD = "gnu++14";
				CLANG_CXX_LIBRARY = "libc++";
				CLANG_ENABLE_MODULES = YES;
				CLANG_ENABLE_OBJC_ARC = YES;
				CLANG_WARN_BLOCK_CAPTURE_AUTORELEASING = YES;
				CLANG_WARN_BOOL_CONVERSION = YES;
				CLANG_WARN_COMMA = YES;
				CLANG_WARN_CONSTANT_CONVERSION = YES;
				CLANG_WARN_DIRECT_OBJC_ISA_USAGE = YES_ERROR;
				CLANG_WARN_DOCUMENTATION_COMMENTS = YES;
				CLANG_WARN_EMPTY_BODY = YES;
				CLANG_WARN_ENUM_CONVERSION = YES;
				CLANG_WARN_INFINITE_RECURSION = YES;
				CLANG_WARN_INT_CONVERSION = YES;
				CLANG_WARN_NON_LITERAL_NULL_CONVERSION = YES;
				CLANG_WARN_OBJC_LITERAL_CONVERSION = YES;
				CLANG_WARN_OBJC_ROOT_CLASS = YES_ERROR;
				CLANG_WARN_RANGE_LOOP_ANALYSIS = YES;
				CLANG_WARN_STRICT_PROTOTYPES = YES;
				CLANG_WARN_SUSPICIOUS_MOVE = YES;
				CLANG_WARN_UNGUARDED_AVAILABILITY = YES_AGGRESSIVE;
				CLANG_WARN_UNREACHABLE_CODE = YES;
				CLANG_WARN__DUPLICATE_METHOD_MATCH = YES;
				CODE_SIGN_IDENTITY = "iPhone Developer";
				COPY_PHASE_STRIP = NO;
				DEBUG_INFORMATION_FORMAT = dwarf;
				ENABLE_STRICT_OBJC_MSGSEND = YES;
				ENABLE_TESTABILITY = YES;
				GCC_C_LANGUAGE_STANDARD = gnu11;
				GCC_DYNAMIC_NO_PIC = NO;
				GCC_NO_COMMON_BLOCKS = YES;
				GCC_OPTIMIZATION_LEVEL = 0;
				GCC_PREPROCESSOR_DEFINITIONS = (
					"DEBUG=1",
					"$(inherited)",
				);
				GCC_WARN_64_TO_32_BIT_CONVERSION = YES;
				GCC_WARN_ABOUT_RETURN_TYPE = YES_ERROR;
				GCC_WARN_UNDECLARED_SELECTOR = YES;
				GCC_WARN_UNINITIALIZED_AUTOS = YES_AGGRESSIVE;
				GCC_WARN_UNUSED_FUNCTION = YES;
				GCC_WARN_UNUSED_VARIABLE = YES;
				IPHONEOS_DEPLOYMENT_TARGET = 11.0;
				MTL_ENABLE_DEBUG_INFO = YES;
				ONLY_ACTIVE_ARCH = YES;
				SDKROOT = iphoneos;
				SWIFT_ACTIVE_COMPILATION_CONDITIONS = DEBUG;
				SWIFT_OPTIMIZATION_LEVEL = "-Onone";
			};
			name = Debug;
		};
		F013EDB21F9B52F500433C74 /* Release */ = {
			isa = XCBuildConfiguration;
			buildSettings = {
				ALWAYS_SEARCH_USER_PATHS = NO;
				CLANG_ANALYZER_NONNULL = YES;
				CLANG_ANALYZER_NUMBER_OBJECT_CONVERSION = YES_AGGRESSIVE;
				CLANG_CXX_LANGUAGE_STANDARD = "gnu++14";
				CLANG_CXX_LIBRARY = "libc++";
				CLANG_ENABLE_MODULES = YES;
				CLANG_ENABLE_OBJC_ARC = YES;
				CLANG_WARN_BLOCK_CAPTURE_AUTORELEASING = YES;
				CLANG_WARN_BOOL_CONVERSION = YES;
				CLANG_WARN_COMMA = YES;
				CLANG_WARN_CONSTANT_CONVERSION = YES;
				CLANG_WARN_DIRECT_OBJC_ISA_USAGE = YES_ERROR;
				CLANG_WARN_DOCUMENTATION_COMMENTS = YES;
				CLANG_WARN_EMPTY_BODY = YES;
				CLANG_WARN_ENUM_CONVERSION = YES;
				CLANG_WARN_INFINITE_RECURSION = YES;
				CLANG_WARN_INT_CONVERSION = YES;
				CLANG_WARN_NON_LITERAL_NULL_CONVERSION = YES;
				CLANG_WARN_OBJC_LITERAL_CONVERSION = YES;
				CLANG_WARN_OBJC_ROOT_CLASS = YES_ERROR;
				CLANG_WARN_RANGE_LOOP_ANALYSIS = YES;
				CLANG_WARN_STRICT_PROTOTYPES = YES;
				CLANG_WARN_SUSPICIOUS_MOVE = YES;
				CLANG_WARN_UNGUARDED_AVAILABILITY = YES_AGGRESSIVE;
				CLANG_WARN_UNREACHABLE_CODE = YES;
				CLANG_WARN__DUPLICATE_METHOD_MATCH = YES;
				CODE_SIGN_IDENTITY = "iPhone Developer";
				COPY_PHASE_STRIP = NO;
				DEBUG_INFORMATION_FORMAT = "dwarf-with-dsym";
				ENABLE_NS_ASSERTIONS = NO;
				ENABLE_STRICT_OBJC_MSGSEND = YES;
				GCC_C_LANGUAGE_STANDARD = gnu11;
				GCC_NO_COMMON_BLOCKS = YES;
				GCC_WARN_64_TO_32_BIT_CONVERSION = YES;
				GCC_WARN_ABOUT_RETURN_TYPE = YES_ERROR;
				GCC_WARN_UNDECLARED_SELECTOR = YES;
				GCC_WARN_UNINITIALIZED_AUTOS = YES_AGGRESSIVE;
				GCC_WARN_UNUSED_FUNCTION = YES;
				GCC_WARN_UNUSED_VARIABLE = YES;
				IPHONEOS_DEPLOYMENT_TARGET = 11.0;
				MTL_ENABLE_DEBUG_INFO = NO;
				SDKROOT = iphoneos;
				SWIFT_OPTIMIZATION_LEVEL = "-Owholemodule";
				VALIDATE_PRODUCT = YES;
			};
			name = Release;
		};
		F013EDB41F9B52F500433C74 /* Debug */ = {
			isa = XCBuildConfiguration;
			buildSettings = {
				ASSETCATALOG_COMPILER_APPICON_NAME = AppIcon;
				CODE_SIGN_STYLE = Automatic;
				INFOPLIST_FILE = Prototype/Info.plist;
				LD_RUNPATH_SEARCH_PATHS = "$(inherited) @executable_path/Frameworks";
				PRODUCT_BUNDLE_IDENTIFIER = com.my.Prototype;
				PRODUCT_NAME = "$(TARGET_NAME)";
				SWIFT_VERSION = 4.0;
				TARGETED_DEVICE_FAMILY = 1;
			};
			name = Debug;
		};
		F013EDB51F9B52F500433C74 /* Release */ = {
			isa = XCBuildConfiguration;
			buildSettings = {
				ASSETCATALOG_COMPILER_APPICON_NAME = AppIcon;
				CODE_SIGN_STYLE = Automatic;
				INFOPLIST_FILE = Prototype/Info.plist;
				LD_RUNPATH_SEARCH_PATHS = "$(inherited) @executable_path/Frameworks";
				PRODUCT_BUNDLE_IDENTIFIER = com.my.Prototype;
				PRODUCT_NAME = "$(TARGET_NAME)";
				SWIFT_VERSION = 4.0;
				TARGETED_DEVICE_FAMILY = 1;
			};
			name = Release;
		};
/* End XCBuildConfiguration section */

/* Begin XCConfigurationList section */
		F013ED9C1F9B52F500433C74 /* Build configuration list for PBXProject "Prototype" */ = {
			isa = XCConfigurationList;
			buildConfigurations = (
				F013EDB11F9B52F500433C74 /* Debug */,
				F013EDB21F9B52F500433C74 /* Release */,
			);
			defaultConfigurationIsVisible = 0;
			defaultConfigurationName = Release;
		};
		F013EDB31F9B52F500433C74 /* Build configuration list for PBXNativeTarget "Prototype" */ = {
			isa = XCConfigurationList;
			buildConfigurations = (
				F013EDB41F9B52F500433C74 /* Debug */,
				F013EDB51F9B52F500433C74 /* Release */,
			);
			defaultConfigurationIsVisible = 0;
			defaultConfigurationName = Release;
		};
/* End XCConfigurationList section */
	};
	rootObject = F013ED991F9B52F500433C74 /* Project object */;
}
